
Microsoft Visual Studio Solution File, Format Version 12.00
# Visual Studio Version 16
VisualStudioVersion = 16.0.29418.71
MinimumVisualStudioVersion = 10.0.40219.1
Project("{FAE04EC0-301F-11D3-BF4B-00C04F79EFBC}") = "QuickBuy.Dominio", "QuickBuy.Dominio\QuickBuy.Dominio.csproj", "{F7965C9E-ABA5-434E-A31B-4265EDF67C7C}"
EndProject
Project("{FAE04EC0-301F-11D3-BF4B-00C04F79EFBC}") = "QuickBuy.Repositorio", "QuickBuy.Repositorio\QuickBuy.Repositorio.csproj", "{D6300C92-D7E4-4F35-AD69-C5B05D69AF8A}"
EndProject
Project("{FAE04EC0-301F-11D3-BF4B-00C04F79EFBC}") = "QuickBuy.Web", "QuickBuy.Web\QuickBuy.Web.csproj", "{6B910B89-6D0D-4D7A-8007-842E4900237F}"
EndProject
Global
	GlobalSection(SolutionConfigurationPlatforms) = preSolution
		Debug|Any CPU = Debug|Any CPU
		Release|Any CPU = Release|Any CPU
	EndGlobalSection
	GlobalSection(ProjectConfigurationPlatforms) = postSolution
		{F7965C9E-ABA5-434E-A31B-4265EDF67C7C}.Debug|Any CPU.ActiveCfg = Debug|Any CPU
		{F7965C9E-ABA5-434E-A31B-4265EDF67C7C}.Debug|Any CPU.Build.0 = Debug|Any CPU
		{F7965C9E-ABA5-434E-A31B-4265EDF67C7C}.Release|Any CPU.ActiveCfg = Release|Any CPU
		{F7965C9E-ABA5-434E-A31B-4265EDF67C7C}.Release|Any CPU.Build.0 = Release|Any CPU
		{D6300C92-D7E4-4F35-AD69-C5B05D69AF8A}.Debug|Any CPU.ActiveCfg = Debug|Any CPU
		{D6300C92-D7E4-4F35-AD69-C5B05D69AF8A}.Debug|Any CPU.Build.0 = Debug|Any CPU
		{D6300C92-D7E4-4F35-AD69-C5B05D69AF8A}.Release|Any CPU.ActiveCfg = Release|Any CPU
		{D6300C92-D7E4-4F35-AD69-C5B05D69AF8A}.Release|Any CPU.Build.0 = Release|Any CPU
		{6B910B89-6D0D-4D7A-8007-842E4900237F}.Debug|Any CPU.ActiveCfg = Debug|Any CPU
		{6B910B89-6D0D-4D7A-8007-842E4900237F}.Debug|Any CPU.Build.0 = Debug|Any CPU
		{6B910B89-6D0D-4D7A-8007-842E4900237F}.Release|Any CPU.ActiveCfg = Release|Any CPU
		{6B910B89-6D0D-4D7A-8007-842E4900237F}.Release|Any CPU.Build.0 = Release|Any CPU
	EndGlobalSection
	GlobalSection(SolutionProperties) = preSolution
		HideSolutionNode = FALSE
	EndGlobalSection
	GlobalSection(ExtensibilityGlobals) = postSolution
		SolutionGuid = {D7564F05-ADF5-45EE-B534-1F2FB7C01442}
	EndGlobalSection
EndGlobal
